PODS:
  - Flutter (1.0.0)
  - flutter_appavailability (0.0.1):
    - Flutter

DEPENDENCIES:
  - Flutter (from `Flutter`)
  - flutter_appavailability (from `.symlinks/plugins/flutter_appavailability/ios`)

EXTERNAL SOURCES:
  Flutter:
    :path: Flutter
  flutter_appavailability:
    :path: ".symlinks/plugins/flutter_appavailability/ios"

SPEC CHECKSUMS:
  Flutter: 434fef37c0980e73bb6479ef766c45957d4b510c
  flutter_appavailability: ebf8f85abea44436d1262fcde8a4e64b2534b01a

PODFILE CHECKSUM: aafe91acc616949ddb318b77800a7f51bffa2a4c

COCOAPODS: 1.10.1
